
Microsoft Visual Studio Solution File, Format Version 12.00
# Visual Studio Version 17
VisualStudioVersion = 17.10.35122.118
MinimumVisualStudioVersion = 10.0.40219.1
Project("{FAE04EC0-301F-11D3-BF4B-00C04F79EFBC}") = "execicos-Abstracao", "execicos-Abstracao\execicos-Abstracao.csproj", "{AF105540-04AF-4093-B895-45F2E059977B}"
EndProject
Project("{9A19103F-16F7-4668-BE54-9A1E7A4F7556}") = "02-Abstracao", "..\POO\02-Abstracao\02-Abstracao\02-Abstracao.csproj", "{BA3C9C5C-0722-4410-A2FC-0D99DB7DF484}"
EndProject
Global
	GlobalSection(SolutionConfigurationPlatforms) = preSolution
		Debug|Any CPU = Debug|Any CPU
		Release|Any CPU = Release|Any CPU
	EndGlobalSection
	GlobalSection(ProjectConfigurationPlatforms) = postSolution
		{AF105540-04AF-4093-B895-45F2E059977B}.Debug|Any CPU.ActiveCfg = Debug|Any CPU
		{AF105540-04AF-4093-B895-45F2E059977B}.Debug|Any CPU.Build.0 = Debug|Any CPU
		{AF105540-04AF-4093-B895-45F2E059977B}.Release|Any CPU.ActiveCfg = Release|Any CPU
		{AF105540-04AF-4093-B895-45F2E059977B}.Release|Any CPU.Build.0 = Release|Any CPU
		{BA3C9C5C-0722-4410-A2FC-0D99DB7DF484}.Debug|Any CPU.ActiveCfg = Debug|Any CPU
		{BA3C9C5C-0722-4410-A2FC-0D99DB7DF484}.Debug|Any CPU.Build.0 = Debug|Any CPU
		{BA3C9C5C-0722-4410-A2FC-0D99DB7DF484}.Release|Any CPU.ActiveCfg = Release|Any CPU
		{BA3C9C5C-0722-4410-A2FC-0D99DB7DF484}.Release|Any CPU.Build.0 = Release|Any CPU
	EndGlobalSection
	GlobalSection(SolutionProperties) = preSolution
		HideSolutionNode = FALSE
	EndGlobalSection
	GlobalSection(ExtensibilityGlobals) = postSolution
		SolutionGuid = {3E310AEE-E684-4438-A37D-B4E53BD73EEC}
	EndGlobalSection
EndGlobal
