
Microsoft Visual Studio Solution File, Format Version 12.00
# Visual Studio Version 17
VisualStudioVersion = 17.10.35122.118
MinimumVisualStudioVersion = 10.0.40219.1
Project("{FAE04EC0-301F-11D3-BF4B-00C04F79EFBC}") = "exercicios-4", "exercicios-4\exercicios-4.csproj", "{A7CE9B29-923B-43F0-A7A5-1B1770F9A7D7}"
EndProject
Global
	GlobalSection(SolutionConfigurationPlatforms) = preSolution
		Debug|Any CPU = Debug|Any CPU
		Release|Any CPU = Release|Any CPU
	EndGlobalSection
	GlobalSection(ProjectConfigurationPlatforms) = postSolution
		{A7CE9B29-923B-43F0-A7A5-1B1770F9A7D7}.Debug|Any CPU.ActiveCfg = Debug|Any CPU
		{A7CE9B29-923B-43F0-A7A5-1B1770F9A7D7}.Debug|Any CPU.Build.0 = Debug|Any CPU
		{A7CE9B29-923B-43F0-A7A5-1B1770F9A7D7}.Release|Any CPU.ActiveCfg = Release|Any CPU
		{A7CE9B29-923B-43F0-A7A5-1B1770F9A7D7}.Release|Any CPU.Build.0 = Release|Any CPU
	EndGlobalSection
	GlobalSection(SolutionProperties) = preSolution
		HideSolutionNode = FALSE
	EndGlobalSection
	GlobalSection(ExtensibilityGlobals) = postSolution
		SolutionGuid = {361CFB81-B773-4CE3-9D5C-922457FEE46E}
	EndGlobalSection
EndGlobal
