
Microsoft Visual Studio Solution File, Format Version 12.00
# Visual Studio Version 17
VisualStudioVersion = 17.10.35122.118
MinimumVisualStudioVersion = 10.0.40219.1
Project("{FAE04EC0-301F-11D3-BF4B-00C04F79EFBC}") = "exercicio-03", "exercicio-03\exercicio-03.csproj", "{CEDEFC80-EE60-44D2-BF0A-3B2AE4DCEC10}"
EndProject
Project("{9A19103F-16F7-4668-BE54-9A1E7A4F7556}") = "exercicio-2", "..\exercicio-2\exercicio-2\exercicio-2.csproj", "{4B53D084-9354-4086-97B6-4ED0D437D17F}"
EndProject
Project("{9A19103F-16F7-4668-BE54-9A1E7A4F7556}") = "02-Abstracao", "..\..\POO\02-Abstracao\02-Abstracao\02-Abstracao.csproj", "{1F05BAB9-781D-4D8A-BA62-32D0FC0B6EC6}"
EndProject
Global
	GlobalSection(SolutionConfigurationPlatforms) = preSolution
		Debug|Any CPU = Debug|Any CPU
		Release|Any CPU = Release|Any CPU
	EndGlobalSection
	GlobalSection(ProjectConfigurationPlatforms) = postSolution
		{CEDEFC80-EE60-44D2-BF0A-3B2AE4DCEC10}.Debug|Any CPU.ActiveCfg = Debug|Any CPU
		{CEDEFC80-EE60-44D2-BF0A-3B2AE4DCEC10}.Debug|Any CPU.Build.0 = Debug|Any CPU
		{CEDEFC80-EE60-44D2-BF0A-3B2AE4DCEC10}.Release|Any CPU.ActiveCfg = Release|Any CPU
		{CEDEFC80-EE60-44D2-BF0A-3B2AE4DCEC10}.Release|Any CPU.Build.0 = Release|Any CPU
		{4B53D084-9354-4086-97B6-4ED0D437D17F}.Debug|Any CPU.ActiveCfg = Debug|Any CPU
		{4B53D084-9354-4086-97B6-4ED0D437D17F}.Debug|Any CPU.Build.0 = Debug|Any CPU
		{4B53D084-9354-4086-97B6-4ED0D437D17F}.Release|Any CPU.ActiveCfg = Release|Any CPU
		{4B53D084-9354-4086-97B6-4ED0D437D17F}.Release|Any CPU.Build.0 = Release|Any CPU
		{1F05BAB9-781D-4D8A-BA62-32D0FC0B6EC6}.Debug|Any CPU.ActiveCfg = Debug|Any CPU
		{1F05BAB9-781D-4D8A-BA62-32D0FC0B6EC6}.Debug|Any CPU.Build.0 = Debug|Any CPU
		{1F05BAB9-781D-4D8A-BA62-32D0FC0B6EC6}.Release|Any CPU.ActiveCfg = Release|Any CPU
		{1F05BAB9-781D-4D8A-BA62-32D0FC0B6EC6}.Release|Any CPU.Build.0 = Release|Any CPU
	EndGlobalSection
	GlobalSection(SolutionProperties) = preSolution
		HideSolutionNode = FALSE
	EndGlobalSection
	GlobalSection(ExtensibilityGlobals) = postSolution
		SolutionGuid = {35A8F036-10B1-49EC-AE1C-9B2725D0A2AC}
	EndGlobalSection
EndGlobal
